{
  "name": "tp-backend",
  "lockfileVersion": 2,
  "requires": true,
  "packages": {
    "": {
      "dependencies": {
        "ngx-bootstrap": "^7.1.2"
      }
    },
    "node_modules/@angular/animations": {
      "version": "12.2.15",
      "resolved": "https://registry.npmjs.org/@angular/animations/-/animations-12.2.15.tgz",
      "integrity": "sha512-fiAPJspugUv40OJFFmWXA7mBFc78zgVbTzeEDJE+UVg+U51IG7y80jATNzgizOHr0eptq7irzaiRLb7FKLwDxg==",
      "peer": true,
      "dependencies": {
        "tslib": "^2.2.0"
      },
      "engines": {
        "node": "^12.14.1 || >=14.0.0"
      },
      "peerDependencies": {
        "@angular/core": "12.2.15"
      }
    },
    "node_modules/@angular/common": {
      "version": "12.2.15",
      "resolved": "https://registry.npmjs.org/@angular/common/-/common-12.2.15.tgz",
      "integrity": "sha512-NXNittHsp8G1rqa5q8ZeiearDlAaB2JYV7hNBn+pUqCy0Cg7V+bfcDv9hOwotRLsMqY+BJ7XYLcRwI3r68lb4g==",
      "peer": true,
      "dependencies": {
        "tslib": "^2.2.0"
      },
      "engines": {
        "node": "^12.14.1 || >=14.0.0"
      },
      "peerDependencies": {
        "@angular/core": "12.2.15",
        "rxjs": "^6.5.3 || ^7.0.0"
      }
    },
    "node_modules/@angular/core": {
      "version": "12.2.15",
      "resolved": "https://registry.npmjs.org/@angular/core/-/core-12.2.15.tgz",
      "integrity": "sha512-67SS/eNN3kMvh5WSoRz5OPJYuh/kb9lFXS+iOgnDdPyI+HKdVlBrO4iW2EPCcE0gFrlVrbao8JrJfGtUz4Hs/w==",
      "peer": true,
      "dependencies": {
        "tslib": "^2.2.0"
      },
      "engines": {
        "node": "^12.14.1 || >=14.0.0"
      },
      "peerDependencies": {
        "rxjs": "^6.5.3 || ^7.0.0",
        "zone.js": "~0.11.4"
      }
    },
    "node_modules/@angular/forms": {
      "version": "12.2.15",
      "resolved": "https://registry.npmjs.org/@angular/forms/-/forms-12.2.15.tgz",
      "integrity": "sha512-Y6ANWoVXTlsjQZ/6p0QbLLSCRUAz/hTOnQ769x7qhoMIvNXqSBllgp5TON83ZGWV9TcQMLS694liSqi8qAZMyw==",
      "peer": true,
      "dependencies": {
        "tslib": "^2.2.0"
      },
      "engines": {
        "node": "^12.14.1 || >=14.0.0"
      },
      "peerDependencies": {
        "@angular/common": "12.2.15",
        "@angular/core": "12.2.15",
        "@angular/platform-browser": "12.2.15",
        "rxjs": "^6.5.3 || ^7.0.0"
      }
    },
    "node_modules/@angular/platform-browser": {
      "version": "12.2.15",
      "resolved": "https://registry.npmjs.org/@angular/platform-browser/-/platform-browser-12.2.15.tgz",
      "integrity": "sha512-JdKsjzx/0n8tBJ1aZzF7nC+MZGiLUXu6MphPw8OM/+sB5P9mGa+RCaQ5sdruLDYugx7nI+giRFGPblpO+yiV4A==",
      "peer": true,
      "dependencies": {
        "tslib": "^2.2.0"
      },
      "engines": {
        "node": "^12.14.1 || >=14.0.0"
      },
      "peerDependencies": {
        "@angular/animations": "12.2.15",
        "@angular/common": "12.2.15",
        "@angular/core": "12.2.15"
      },
      "peerDependenciesMeta": {
        "@angular/animations": {
          "optional": true
        }
      }
    },
    "node_modules/ngx-bootstrap": {
      "version": "7.1.2",
      "resolved": "https://registry.npmjs.org/ngx-bootstrap/-/ngx-bootstrap-7.1.2.tgz",
      "integrity": "sha512-VsZwlGVM+qYOAdvEzzH3wqCjvj3yHec4n82Tho0ve6mhN1GTRu9WPrPmvxp3cFjIu8VQbREUeKPfK0ooO8U5eg==",
      "dependencies": {
        "tslib": "^2.0.0"
      },
      "peerDependencies": {
        "@angular/animations": "^11.0.0 || ^12.0.0",
        "@angular/common": "^11.0.0 || ^12.0.0",
        "@angular/core": "^11.0.0 || ^12.0.0",
        "@angular/forms": "^11.0.0 || ^12.0.0"
      }
    },
    "node_modules/rxjs": {
      "version": "7.5.2",
      "resolved": "https://registry.npmjs.org/rxjs/-/rxjs-7.5.2.tgz",
      "integrity": "sha512-PwDt186XaL3QN5qXj/H9DGyHhP3/RYYgZZwqBv9Tv8rsAaiwFH1IsJJlcgD37J7UW5a6O67qX0KWKS3/pu0m4w==",
      "peer": true,
      "dependencies": {
        "tslib": "^2.1.0"
      }
    },
    "node_modules/tslib": {
      "version": "2.3.1",
      "resolved": "https://registry.npmjs.org/tslib/-/tslib-2.3.1.tgz",
      "integrity": "sha512-77EbyPPpMz+FRFRuAFlWMtmgUWGe9UOG2Z25NqCwiIjRhOf5iKGuzSe5P2w1laq+FkRy4p+PCuVkJSGkzTEKVw=="
    },
    "node_modules/zone.js": {
      "version": "0.11.4",
      "resolved": "https://registry.npmjs.org/zone.js/-/zone.js-0.11.4.tgz",
      "integrity": "sha512-DDh2Ab+A/B+9mJyajPjHFPWfYU1H+pdun4wnnk0OcQTNjem1XQSZ2CDW+rfZEUDjv5M19SBqAkjZi0x5wuB5Qw==",
      "peer": true,
      "dependencies": {
        "tslib": "^2.0.0"
      }
    }
  },
  "dependencies": {
    "@angular/animations": {
      "version": "12.2.15",
      "resolved": "https://registry.npmjs.org/@angular/animations/-/animations-12.2.15.tgz",
      "integrity": "sha512-fiAPJspugUv40OJFFmWXA7mBFc78zgVbTzeEDJE+UVg+U51IG7y80jATNzgizOHr0eptq7irzaiRLb7FKLwDxg==",
      "peer": true,
      "requires": {
        "tslib": "^2.2.0"
      }
    },
    "@angular/common": {
      "version": "12.2.15",
      "resolved": "https://registry.npmjs.org/@angular/common/-/common-12.2.15.tgz",
      "integrity": "sha512-NXNittHsp8G1rqa5q8ZeiearDlAaB2JYV7hNBn+pUqCy0Cg7V+bfcDv9hOwotRLsMqY+BJ7XYLcRwI3r68lb4g==",
      "peer": true,
      "requires": {
        "tslib": "^2.2.0"
      }
    },
    "@angular/core": {
      "version": "12.2.15",
      "resolved": "https://registry.npmjs.org/@angular/core/-/core-12.2.15.tgz",
      "integrity": "sha512-67SS/eNN3kMvh5WSoRz5OPJYuh/kb9lFXS+iOgnDdPyI+HKdVlBrO4iW2EPCcE0gFrlVrbao8JrJfGtUz4Hs/w==",
      "peer": true,
      "requires": {
        "tslib": "^2.2.0"
      }
    },
    "@angular/forms": {
      "version": "12.2.15",
      "resolved": "https://registry.npmjs.org/@angular/forms/-/forms-12.2.15.tgz",
      "integrity": "sha512-Y6ANWoVXTlsjQZ/6p0QbLLSCRUAz/hTOnQ769x7qhoMIvNXqSBllgp5TON83ZGWV9TcQMLS694liSqi8qAZMyw==",
      "peer": true,
      "requires": {
        "tslib": "^2.2.0"
      }
    },
    "@angular/platform-browser": {
      "version": "12.2.15",
      "resolved": "https://registry.npmjs.org/@angular/platform-browser/-/platform-browser-12.2.15.tgz",
      "integrity": "sha512-JdKsjzx/0n8tBJ1aZzF7nC+MZGiLUXu6MphPw8OM/+sB5P9mGa+RCaQ5sdruLDYugx7nI+giRFGPblpO+yiV4A==",
      "peer": true,
      "requires": {
        "tslib": "^2.2.0"
      }
    },
    "ngx-bootstrap": {
      "version": "7.1.2",
      "resolved": "https://registry.npmjs.org/ngx-bootstrap/-/ngx-bootstrap-7.1.2.tgz",
      "integrity": "sha512-VsZwlGVM+qYOAdvEzzH3wqCjvj3yHec4n82Tho0ve6mhN1GTRu9WPrPmvxp3cFjIu8VQbREUeKPfK0ooO8U5eg==",
      "requires": {
        "tslib": "^2.0.0"
      }
    },
    "rxjs": {
      "version": "7.5.2",
      "resolved": "https://registry.npmjs.org/rxjs/-/rxjs-7.5.2.tgz",
      "integrity": "sha512-PwDt186XaL3QN5qXj/H9DGyHhP3/RYYgZZwqBv9Tv8rsAaiwFH1IsJJlcgD37J7UW5a6O67qX0KWKS3/pu0m4w==",
      "peer": true,
      "requires": {
        "tslib": "^2.1.0"
      }
    },
    "tslib": {
      "version": "2.3.1",
      "resolved": "https://registry.npmjs.org/tslib/-/tslib-2.3.1.tgz",
      "integrity": "sha512-77EbyPPpMz+FRFRuAFlWMtmgUWGe9UOG2Z25NqCwiIjRhOf5iKGuzSe5P2w1laq+FkRy4p+PCuVkJSGkzTEKVw=="
    },
    "zone.js": {
      "version": "0.11.4",
      "resolved": "https://registry.npmjs.org/zone.js/-/zone.js-0.11.4.tgz",
      "integrity": "sha512-DDh2Ab+A/B+9mJyajPjHFPWfYU1H+pdun4wnnk0OcQTNjem1XQSZ2CDW+rfZEUDjv5M19SBqAkjZi0x5wuB5Qw==",
      "peer": true,
      "requires": {
        "tslib": "^2.0.0"
      }
    }
  }
}
